
Microsoft Visual Studio Solution File, Format Version 12.00
# Visual Studio 15
VisualStudioVersion = 15.0.28010.2050
MinimumVisualStudioVersion = 10.0.40219.1
Project("{FAE04EC0-301F-11D3-BF4B-00C04F79EFBC}") = "Automation(1", "Automation(1\Automation(1.csproj", "{B7D91922-F00F-486E-94F5-E831032F2AAE}"
	ProjectSection(ProjectDependencies) = postProject
		{A7CF45A7-69CC-44AC-AD5A-C7053CF67D17} = {A7CF45A7-69CC-44AC-AD5A-C7053CF67D17}
	EndProjectSection
EndProject
Project("{FAE04EC0-301F-11D3-BF4B-00C04F79EFBC}") = "DataModelLayer", "DataModelLayer\DataModelLayer.csproj", "{A7CF45A7-69CC-44AC-AD5A-C7053CF67D17}"
EndProject
Global
	GlobalSection(SolutionConfigurationPlatforms) = preSolution
		Debug|Any CPU = Debug|Any CPU
		Release|Any CPU = Release|Any CPU
	EndGlobalSection
	GlobalSection(ProjectConfigurationPlatforms) = postSolution
		{B7D91922-F00F-486E-94F5-E831032F2AAE}.Debug|Any CPU.ActiveCfg = Debug|Any CPU
		{B7D91922-F00F-486E-94F5-E831032F2AAE}.Debug|Any CPU.Build.0 = Debug|Any CPU
		{B7D91922-F00F-486E-94F5-E831032F2AAE}.Release|Any CPU.ActiveCfg = Release|Any CPU
		{B7D91922-F00F-486E-94F5-E831032F2AAE}.Release|Any CPU.Build.0 = Release|Any CPU
		{A7CF45A7-69CC-44AC-AD5A-C7053CF67D17}.Debug|Any CPU.ActiveCfg = Debug|Any CPU
		{A7CF45A7-69CC-44AC-AD5A-C7053CF67D17}.Debug|Any CPU.Build.0 = Debug|Any CPU
		{A7CF45A7-69CC-44AC-AD5A-C7053CF67D17}.Release|Any CPU.ActiveCfg = Release|Any CPU
		{A7CF45A7-69CC-44AC-AD5A-C7053CF67D17}.Release|Any CPU.Build.0 = Release|Any CPU
	EndGlobalSection
	GlobalSection(SolutionProperties) = preSolution
		HideSolutionNode = FALSE
	EndGlobalSection
	GlobalSection(ExtensibilityGlobals) = postSolution
		SolutionGuid = {E7A813D5-1576-4BE9-898E-34D4B92C84D2}
	EndGlobalSection
EndGlobal
